{
  "name": "codeeditor",
  "lockfileVersion": 3,
  "requires": true,
  "packages": {
    "": {
      "dependencies": {
        "@tanstack/react-query": "^5.90.11",
        "zustand": "^5.0.9"
      }
    },
    "node_modules/@tanstack/query-core": {
      "version": "5.90.11",
      "resolved": "https://registry.npmjs.org/@tanstack/query-core/-/query-core-5.90.11.tgz",
      "integrity": "sha512-f9z/nXhCgWDF4lHqgIE30jxLe4sYv15QodfdPDKYAk7nAEjNcndy4dHz3ezhdUaR23BpWa4I2EH4/DZ0//Uf8A==",
      "license": "MIT",
      "funding": {
        "type": "github",
        "url": "https://github.com/sponsors/tannerlinsley"
      }
    },
    "node_modules/@tanstack/react-query": {
      "version": "5.90.11",
      "resolved": "https://registry.npmjs.org/@tanstack/react-query/-/react-query-5.90.11.tgz",
      "integrity": "sha512-3uyzz01D1fkTLXuxF3JfoJoHQMU2fxsfJwE+6N5hHy0dVNoZOvwKP8Z2k7k1KDeD54N20apcJnG75TBAStIrBA==",
      "license": "MIT",
      "dependencies": {
        "@tanstack/query-core": "5.90.11"
      },
      "funding": {
        "type": "github",
        "url": "https://github.com/sponsors/tannerlinsley"
      },
      "peerDependencies": {
        "react": "^18 || ^19"
      }
    },
    "node_modules/react": {
      "version": "19.2.0",
      "resolved": "https://registry.npmjs.org/react/-/react-19.2.0.tgz",
      "integrity": "sha512-tmbWg6W31tQLeB5cdIBOicJDJRR2KzXsV7uSK9iNfLWQ5bIZfxuPEHp7M8wiHyHnn0DD1i7w3Zmin0FtkrwoCQ==",
      "license": "MIT",
      "peer": true,
      "engines": {
        "node": ">=0.10.0"
      }
    },
    "node_modules/zustand": {
      "version": "5.0.9",
      "resolved": "https://registry.npmjs.org/zustand/-/zustand-5.0.9.tgz",
      "integrity": "sha512-ALBtUj0AfjJt3uNRQoL1tL2tMvj6Gp/6e39dnfT6uzpelGru8v1tPOGBzayOWbPJvujM8JojDk3E1LxeFisBNg==",
      "license": "MIT",
      "engines": {
        "node": ">=12.20.0"
      },
      "peerDependencies": {
        "@types/react": ">=18.0.0",
        "immer": ">=9.0.6",
        "react": ">=18.0.0",
        "use-sync-external-store": ">=1.2.0"
      },
      "peerDependenciesMeta": {
        "@types/react": {
          "optional": true
        },
        "immer": {
          "optional": true
        },
        "react": {
          "optional": true
        },
        "use-sync-external-store": {
          "optional": true
        }
      }
    }
  }
}
